
Microsoft Visual Studio Solution File, Format Version 12.00
# Visual Studio 14
VisualStudioVersion = 14.0.25123.0
MinimumVisualStudioVersion = 10.0.40219.1
Project("{FAE04EC0-301F-11D3-BF4B-00C04F79EFBC}") = "Rastreador", "Rastreador\Rastreador.csproj", "{3407A50F-90A8-444F-BEBA-A9AD52405172}"
EndProject
Project("{FAE04EC0-301F-11D3-BF4B-00C04F79EFBC}") = "Rastreador.Tests", "Rastreador.Tests\Rastreador.Tests.csproj", "{FE97071E-B834-4A4D-B59F-4AB0832046DA}"
EndProject
Global
	GlobalSection(SolutionConfigurationPlatforms) = preSolution
		Debug|Any CPU = Debug|Any CPU
		Release|Any CPU = Release|Any CPU
	EndGlobalSection
	GlobalSection(ProjectConfigurationPlatforms) = postSolution
		{3407A50F-90A8-444F-BEBA-A9AD52405172}.Debug|Any CPU.ActiveCfg = Debug|Any CPU
		{3407A50F-90A8-444F-BEBA-A9AD52405172}.Debug|Any CPU.Build.0 = Debug|Any CPU
		{3407A50F-90A8-444F-BEBA-A9AD52405172}.Release|Any CPU.ActiveCfg = Release|Any CPU
		{3407A50F-90A8-444F-BEBA-A9AD52405172}.Release|Any CPU.Build.0 = Release|Any CPU
		{FE97071E-B834-4A4D-B59F-4AB0832046DA}.Debug|Any CPU.ActiveCfg = Debug|Any CPU
		{FE97071E-B834-4A4D-B59F-4AB0832046DA}.Debug|Any CPU.Build.0 = Debug|Any CPU
		{FE97071E-B834-4A4D-B59F-4AB0832046DA}.Release|Any CPU.ActiveCfg = Release|Any CPU
		{FE97071E-B834-4A4D-B59F-4AB0832046DA}.Release|Any CPU.Build.0 = Release|Any CPU
	EndGlobalSection
	GlobalSection(SolutionProperties) = preSolution
		HideSolutionNode = FALSE
	EndGlobalSection
EndGlobal
